
Microsoft Visual Studio Solution File, Format Version 12.00
# Visual Studio 15
VisualStudioVersion = 15.0.28307.902
MinimumVisualStudioVersion = 10.0.40219.1
Project("{FAE04EC0-301F-11D3-BF4B-00C04F79EFBC}") = "формы", "формы\формы.csproj", "{541F9790-65AD-4A5C-90FE-EDC2E0D60802}"
EndProject
Global
	GlobalSection(SolutionConfigurationPlatforms) = preSolution
		Debug|Any CPU = Debug|Any CPU
		Release|Any CPU = Release|Any CPU
	EndGlobalSection
	GlobalSection(ProjectConfigurationPlatforms) = postSolution
		{541F9790-65AD-4A5C-90FE-EDC2E0D60802}.Debug|Any CPU.ActiveCfg = Debug|Any CPU
		{541F9790-65AD-4A5C-90FE-EDC2E0D60802}.Debug|Any CPU.Build.0 = Debug|Any CPU
		{541F9790-65AD-4A5C-90FE-EDC2E0D60802}.Release|Any CPU.ActiveCfg = Release|Any CPU
		{541F9790-65AD-4A5C-90FE-EDC2E0D60802}.Release|Any CPU.Build.0 = Release|Any CPU
	EndGlobalSection
	GlobalSection(SolutionProperties) = preSolution
		HideSolutionNode = FALSE
	EndGlobalSection
	GlobalSection(ExtensibilityGlobals) = postSolution
		SolutionGuid = {96063BF9-AC9D-42B7-8088-1E91F917B94B}
	EndGlobalSection
EndGlobal
